<?xml version="1.0" encoding="utf-8"?>
<Project ToolsVersion="4.0" xmlns="http://schemas.microsoft.com/developer/msbuild/2003">
  <ItemGroup>
    <Filter Include="Source Files">
      <UniqueIdentifier>{4FC737F1-C7A5-4376-A066-2A32D752A2FF}</UniqueIdentifier>
      <Extensions>cpp;c;cc;cxx;def;odl;idl;hpj;bat;asm;asmx</Extensions>
    </Filter>
    <Filter Include="Header Files">
      <UniqueIdentifier>{93995380-89BD-4b04-88EB-625FBE52EBFB}</UniqueIdentifier>
      <Extensions>h;hh;hpp;hxx;hm;inl;inc;ipp;xsd</Extensions>
    </Filter>
    <Filter Include="Resource Files">
      <UniqueIdentifier>{67DA6AB6-F800-4c08-8B7A-83BB121AAD01}</UniqueIdentifier>
      <Extensions>rc;ico;cur;bmp;dlg;rc2;rct;bin;rgs;gif;jpg;jpeg;jpe;resx;tiff;tif;png;wav;mfcribbon-ms</Extensions>
    </Filter>
  </ItemGroup>
  <ItemGroup>
    <ClInclude Include="src\patherns.h">
      <Filter>Header Files</Filter>
    </ClInclude>
    <ClInclude Include="src\structs.h">
      <Filter>Header Files</Filter>
    </ClInclude>
    <ClInclude Include="src\olcPixelGameEngine.h">
      <Filter>Header Files</Filter>
    </ClInclude>
    <ClInclude Include="src\olcPGEX_Sound.h">
      <Filter>Header Files</Filter>
    </ClInclude>
  </ItemGroup>
  <ItemGroup>
    <ClCompile Include="src\SHMUP! Witch.cpp">
      <Filter>Source Files</Filter>
    </ClCompile>
  </ItemGroup>
  <ItemGroup>
    <Image Include="art\moon.png">
      <Filter>Resource Files</Filter>
    </Image>
    <Image Include="art\ghost.png">
      <Filter>Resource Files</Filter>
    </Image>
    <Image Include="art\bullet.png">
      <Filter>Resource Files</Filter>
    </Image>
    <Image Include="art\pumpkin.png">
      <Filter>Resource Files</Filter>
    </Image>
    <Image Include="art\bad_witch.png">
      <Filter>Resource Files</Filter>
    </Image>
    <Image Include="art\bullet2.png">
      <Filter>Resource Files</Filter>
    </Image>
    <Image Include="art\bat.png">
      <Filter>Resource Files</Filter>
    </Image>
    <Image Include="art\cauldron.png">
      <Filter>Resource Files</Filter>
    </Image>
    <Image Include="art\shield.png">
      <Filter>Resource Files</Filter>
    </Image>
    <Image Include="art\bg1.png">
      <Filter>Resource Files</Filter>
    </Image>
    <Image Include="art\tree.png">
      <Filter>Resource Files</Filter>
    </Image>
    <Image Include="art\bullet3.png">
      <Filter>Resource Files</Filter>
    </Image>
    <Image Include="art\bat2.png">
      <Filter>Resource Files</Filter>
    </Image>
    <Image Include="art\sky.png">
      <Filter>Resource Files</Filter>
    </Image>
    <Image Include="art\mountains2.png">
      <Filter>Resource Files</Filter>
    </Image>
    <Image Include="art\gameover.png">
      <Filter>Resource Files</Filter>
    </Image>
    <Image Include="art\start.png">
      <Filter>Resource Files</Filter>
    </Image>
    <Image Include="art\player2.png">
      <Filter>Resource Files</Filter>
    </Image>
    <Image Include="art\Player1.png">
      <Filter>Resource Files</Filter>
    </Image>
    <Image Include="art\player2bullet.png">
      <Filter>Resource Files</Filter>
    </Image>
    <Image Include="art\health1.png">
      <Filter>Resource Files</Filter>
    </Image>
    <Image Include="art\health2.png">
      <Filter>Resource Files</Filter>
    </Image>
    <Image Include="art\sky1.png">
      <Filter>Resource Files</Filter>
    </Image>
    <Image Include="art\sky2.png">
      <Filter>Resource Files</Filter>
    </Image>
    <Image Include="art\mountains.png">
      <Filter>Resource Files</Filter>
    </Image>
    <Image Include="art\splash1.png">
      <Filter>Resource Files</Filter>
    </Image>
    <Image Include="art\splash2.png">
      <Filter>Resource Files</Filter>
    </Image>
    <Image Include="art\scroll.png">
      <Filter>Resource Files</Filter>
    </Image>
    <Image Include="art\scroll2.png">
      <Filter>Resource Files</Filter>
    </Image>
    <Image Include="art\player1atack.png">
      <Filter>Resource Files</Filter>
    </Image>
    <Image Include="art\player2atack.png">
      <Filter>Resource Files</Filter>
    </Image>
    <Image Include="art\animation\spell0.png">
      <Filter>Resource Files</Filter>
    </Image>
    <Image Include="art\animation\spell1.png">
      <Filter>Resource Files</Filter>
    </Image>
    <Image Include="art\animation\spell2.png">
      <Filter>Resource Files</Filter>
    </Image>
    <Image Include="art\animation\lightning0.png">
      <Filter>Resource Files</Filter>
    </Image>
    <Image Include="art\animation\lightning1.png">
      <Filter>Resource Files</Filter>
    </Image>
    <Image Include="art\animation\lightning2.png">
      <Filter>Resource Files</Filter>
    </Image>
    <Image Include="art\animation\lightning3.png">
      <Filter>Resource Files</Filter>
    </Image>
    <Image Include="art\animation\lightning4.png">
      <Filter>Resource Files</Filter>
    </Image>
    <Image Include="art\player1bullet.png">
      <Filter>Resource Files</Filter>
    </Image>
    <Image Include="art\shield2.png">
      <Filter>Resource Files</Filter>
    </Image>
    <Image Include="art\sky3.png">
      <Filter>Resource Files</Filter>
    </Image>
    <Image Include="art\cauldron2.png">
      <Filter>Resource Files</Filter>
    </Image>
    <Image Include="art\manaFrame.png">
      <Filter>Resource Files</Filter>
    </Image>
    <Image Include="art\manaFrameSmall.png">
      <Filter>Resource Files</Filter>
    </Image>
    <Image Include="art\manaP1.png">
      <Filter>Resource Files</Filter>
    </Image>
    <Image Include="art\manaP2.png">
      <Filter>Resource Files</Filter>
    </Image>
    <Image Include="art\manaP1d.png">
      <Filter>Resource Files</Filter>
    </Image>
    <Image Include="art\manaP2d.png">
      <Filter>Resource Files</Filter>
    </Image>
    <Image Include="art\boost1.png">
      <Filter>Resource Files</Filter>
    </Image>
    <Image Include="art\boost2.png">
      <Filter>Resource Files</Filter>
    </Image>
    <Image Include="art\wave1.png">
      <Filter>Resource Files</Filter>
    </Image>
    <Image Include="art\wave2.png">
      <Filter>Resource Files</Filter>
    </Image>
    <Image Include="art\UI\Special0.png">
      <Filter>Resource Files</Filter>
    </Image>
    <Image Include="art\UI\Special1.png">
      <Filter>Resource Files</Filter>
    </Image>
    <Image Include="art\UI\Special2.png">
      <Filter>Resource Files</Filter>
    </Image>
    <Image Include="art\UI\Special3.png">
      <Filter>Resource Files</Filter>
    </Image>
    <Image Include="art\UI\Special4.png">
      <Filter>Resource Files</Filter>
    </Image>
    <Image Include="art\UI\Special4b.png">
      <Filter>Resource Files</Filter>
    </Image>
    <Image Include="art\UI\Special5.png">
      <Filter>Resource Files</Filter>
    </Image>
    <Image Include="art\UI\Special5b.png">
      <Filter>Resource Files</Filter>
    </Image>
    <Image Include="art\boost3.png">
      <Filter>Resource Files</Filter>
    </Image>
    <Image Include="art\boost3a.png">
      <Filter>Resource Files</Filter>
    </Image>
    <Image Include="art\boost4.png">
      <Filter>Resource Files</Filter>
    </Image>
    <Image Include="art\UI\Special0b.png">
      <Filter>Resource Files</Filter>
    </Image>
    <Image Include="art\UI\Special1b.png">
      <Filter>Resource Files</Filter>
    </Image>
    <Image Include="art\UI\Special2b.png">
      <Filter>Resource Files</Filter>
    </Image>
    <Image Include="art\UI\Special3b.png">
      <Filter>Resource Files</Filter>
    </Image>
    <Image Include="art\claw.bmp">
      <Filter>Resource Files</Filter>
    </Image>
    <Image Include="art\UI\speedBoost.png">
      <Filter>Resource Files</Filter>
    </Image>
    <Image Include="art\UI\speedBoostb.png">
      <Filter>Resource Files</Filter>
    </Image>
    <Image Include="art\UI\BosBar.png">
      <Filter>Resource Files</Filter>
    </Image>
    <Image Include="art\UI\BosBarFrame.png">
      <Filter>Resource Files</Filter>
    </Image>
  </ItemGroup>
  <ItemGroup>
    <Media Include="art\sounds\bg1.wav">
      <Filter>Resource Files</Filter>
    </Media>
    <Media Include="art\sounds\explode.wav">
      <Filter>Resource Files</Filter>
    </Media>
    <Media Include="art\sounds\spell.wav">
      <Filter>Resource Files</Filter>
    </Media>
    <Media Include="art\sounds\spell2.wav">
      <Filter>Resource Files</Filter>
    </Media>
    <Media Include="art\sounds\gloop.wav">
      <Filter>Resource Files</Filter>
    </Media>
    <Media Include="art\sounds\loose.wav">
      <Filter>Resource Files</Filter>
    </Media>
    <Media Include="art\sounds\ping.wav">
      <Filter>Resource Files</Filter>
    </Media>
    <Media Include="art\sounds\shot.wav">
      <Filter>Resource Files</Filter>
    </Media>
    <Media Include="art\sounds\theme.wav">
      <Filter>Resource Files</Filter>
    </Media>
    <Media Include="art\sounds\witchsLaugh.wav">
      <Filter>Resource Files</Filter>
    </Media>
    <Media Include="art\sounds\electricShock.wav">
      <Filter>Resource Files</Filter>
    </Media>
    <Media Include="art\sounds\powerup.wav">
      <Filter>Resource Files</Filter>
    </Media>
    <Media Include="art\sounds\zap.mp3" />
    <Media Include="art\sounds\slayer_south_of_heaven_8_bit.mp3" />
    <Media Include="art\sounds\zap.wav">
      <Filter>Resource Files</Filter>
    </Media>
    <Media Include="art\sounds\zapHit.wav">
      <Filter>Resource Files</Filter>
    </Media>
    <Media Include="art\sounds\warp.wav">
      <Filter>Resource Files</Filter>
    </Media>
  </ItemGroup>
  <ItemGroup>
    <Text Include="irrKlang\changes.txt" />
    <Text Include="irrKlang\readme.txt" />
  </ItemGroup>
  <ItemGroup>
    <None Include="art\sounds\zapHit.ogg" />
    <None Include="ikpMP3.dll" />
    <None Include="irrKlang.dll" />
  </ItemGroup>
</Project>